// !$*UTF8*$!
{
	archiveVersion = 1;
	classes = {
	};
	objectVersion = 46;
	objects = {

/* Begin PBXBuildFile section */
		8469AC791CA4736500398177 /* Constants.swift in Sources */ = {isa = PBXBuildFile; fileRef = 8469AC781CA4736500398177 /* Constants.swift */; };
		8469AC7B1CA488A100398177 /* Meme.swift in Sources */ = {isa = PBXBuildFile; fileRef = 8469AC7A1CA488A100398177 /* Meme.swift */; };
		8482CC521CA2FDE000E90CFF /* AppDelegate.swift in Sources */ = {isa = PBXBuildFile; fileRef = 8482CC511CA2FDE000E90CFF /* AppDelegate.swift */; };
		8482CC541CA2FDE000E90CFF /* MemeEditorViewController.swift in Sources */ = {isa = PBXBuildFile; fileRef = 8482CC531CA2FDE000E90CFF /* MemeEditorViewController.swift */; };
		8482CC571CA2FDE000E90CFF /* Main.storyboard in Resources */ = {isa = PBXBuildFile; fileRef = 8482CC551CA2FDE000E90CFF /* Main.storyboard */; };
		8482CC591CA2FDE000E90CFF /* Assets.xcassets in Resources */ = {isa = PBXBuildFile; fileRef = 8482CC581CA2FDE000E90CFF /* Assets.xcassets */; };
		8482CC5C1CA2FDE000E90CFF /* LaunchScreen.storyboard in Resources */ = {isa = PBXBuildFile; fileRef = 8482CC5A1CA2FDE000E90CFF /* LaunchScreen.storyboard */; };
/* End PBXBuildFile section */

/* Begin PBXFileReference section */
		8469AC781CA4736500398177 /* Constants.swift */ = {isa = PBXFileReference; fileEncoding = 4; lastKnownFileType = sourcecode.swift; path = Constants.swift; sourceTree = "<group>"; };
		8469AC7A1CA488A100398177 /* Meme.swift */ = {isa = PBXFileReference; fileEncoding = 4; lastKnownFileType = sourcecode.swift; path = Meme.swift; sourceTree = "<group>"; };
		8482CC4E1CA2FDDF00E90CFF /* MemeMe.app */ = {isa = PBXFileReference; explicitFileType = wrapper.application; includeInIndex = 0; path = MemeMe.app; sourceTree = BUILT_PRODUCTS_DIR; };
		8482CC511CA2FDE000E90CFF /* AppDelegate.swift */ = {isa = PBXFileReference; lastKnownFileType = sourcecode.swift; path = AppDelegate.swift; sourceTree = "<group>"; };
		8482CC531CA2FDE000E90CFF /* MemeEditorViewController.swift */ = {isa = PBXFileReference; lastKnownFileType = sourcecode.swift; path = MemeEditorViewController.swift; sourceTree = "<group>"; };
		8482CC561CA2FDE000E90CFF /* Base */ = {isa = PBXFileReference; lastKnownFileType = file.storyboard; name = Base; path = Base.lproj/Main.storyboard; sourceTree = "<group>"; };
		8482CC581CA2FDE000E90CFF /* Assets.xcassets */ = {isa = PBXFileReference; lastKnownFileType = folder.assetcatalog; path = Assets.xcassets; sourceTree = "<group>"; };
		8482CC5B1CA2FDE000E90CFF /* Base */ = {isa = PBXFileReference; lastKnownFileType = file.storyboard; name = Base; path = Base.lproj/LaunchScreen.storyboard; sourceTree = "<group>"; };
		8482CC5D1CA2FDE000E90CFF /* Info.plist */ = {isa = PBXFileReference; lastKnownFileType = text.plist.xml; path = Info.plist; sourceTree = "<group>"; };
/* End PBXFileReference section */

/* Begin PBXFrameworksBuildPhase section */
		8482CC4B1CA2FDDF00E90CFF /* Frameworks */ = {
			isa = PBXFrameworksBuildPhase;
			buildActionMask = 2147483647;
			files = (
			);
			runOnlyForDeploymentPostprocessing = 0;
		};
/* End PBXFrameworksBuildPhase section */

/* Begin PBXGroup section */
		8482CC451CA2FDDF00E90CFF = {
			isa = PBXGroup;
			children = (
				8482CC501CA2FDDF00E90CFF /* MemeMe */,
				8482CC4F1CA2FDDF00E90CFF /* Products */,
			);
			sourceTree = "<group>";
		};
		8482CC4F1CA2FDDF00E90CFF /* Products */ = {
			isa = PBXGroup;
			children = (
				8482CC4E1CA2FDDF00E90CFF /* MemeMe.app */,
			);
			name = Products;
			sourceTree = "<group>";
		};
		8482CC501CA2FDDF00E90CFF /* MemeMe */ = {
			isa = PBXGroup;
			children = (
				8482CC511CA2FDE000E90CFF /* AppDelegate.swift */,
				8482CC531CA2FDE000E90CFF /* MemeEditorViewController.swift */,
				8482CC551CA2FDE000E90CFF /* Main.storyboard */,
				8482CC581CA2FDE000E90CFF /* Assets.xcassets */,
				8482CC5A1CA2FDE000E90CFF /* LaunchScreen.storyboard */,
				8482CC5D1CA2FDE000E90CFF /* Info.plist */,
				8469AC781CA4736500398177 /* Constants.swift */,
				8469AC7A1CA488A100398177 /* Meme.swift */,
			);
			path = MemeMe;
			sourceTree = "<group>";
		};
/* End PBXGroup section */

/* Begin PBXNativeTarget section */
		8482CC4D1CA2FDDF00E90CFF /* MemeMe */ = {
			isa = PBXNativeTarget;
			buildConfigurationList = 8482CC601CA2FDE000E90CFF /* Build configuration list for PBXNativeTarget "MemeMe" */;
			buildPhases = (
				8482CC4A1CA2FDDF00E90CFF /* Sources */,
				8482CC4B1CA2FDDF00E90CFF /* Frameworks */,
				8482CC4C1CA2FDDF00E90CFF /* Resources */,
			);
			buildRules = (
			);
			dependencies = (
			);
			name = MemeMe;
			productName = MemeMe;
			productReference = 8482CC4E1CA2FDDF00E90CFF /* MemeMe.app */;
			productType = "com.apple.product-type.application";
		};
/* End PBXNativeTarget section */

/* Begin PBXProject section */
		8482CC461CA2FDDF00E90CFF /* Project object */ = {
			isa = PBXProject;
			attributes = {
				LastSwiftUpdateCheck = 0720;
				LastUpgradeCheck = 0720;
				ORGANIZATIONNAME = antt;
				TargetAttributes = {
					8482CC4D1CA2FDDF00E90CFF = {
						CreatedOnToolsVersion = 7.2;
						DevelopmentTeam = PQ883PK57F;
					};
				};
			};
			buildConfigurationList = 8482CC491CA2FDDF00E90CFF /* Build configuration list for PBXProject "MemeMe" */;
			compatibilityVersion = "Xcode 3.2";
			developmentRegion = English;
			hasScannedForEncodings = 0;
			knownRegions = (
				en,
				Base,
			);
			mainGroup = 8482CC451CA2FDDF00E90CFF;
			productRefGroup = 8482CC4F1CA2FDDF00E90CFF /* Products */;
			projectDirPath = "";
			projectRoot = "";
			targets = (
				8482CC4D1CA2FDDF00E90CFF /* MemeMe */,
			);
		};
/* End PBXProject section */

/* Begin PBXResourcesBuildPhase section */
		8482CC4C1CA2FDDF00E90CFF /* Resources */ = {
			isa = PBXResourcesBuildPhase;
			buildActionMask = 2147483647;
			files = (
				8482CC5C1CA2FDE000E90CFF /* LaunchScreen.storyboard in Resources */,
				8482CC591CA2FDE000E90CFF /* Assets.xcassets in Resources */,
				8482CC571CA2FDE000E90CFF /* Main.storyboard in Resources */,
			);
			runOnlyForDeploymentPostprocessing = 0;
		};
/* End PBXResourcesBuildPhase section */

/* Begin PBXSourcesBuildPhase section */
		8482CC4A1CA2FDDF00E90CFF /* Sources */ = {
			isa = PBXSourcesBuildPhase;
			buildActionMask = 2147483647;
			files = (
				8482CC541CA2FDE000E90CFF /* MemeEditorViewController.swift in Sources */,
				8469AC7B1CA488A100398177 /* Meme.swift in Sources */,
				8482CC521CA2FDE000E90CFF /* AppDelegate.swift in Sources */,
				8469AC791CA4736500398177 /* Constants.swift in Sources */,
			);
			runOnlyForDeploymentPostprocessing = 0;
		};
/* End PBXSourcesBuildPhase section */

/* Begin PBXVariantGroup section */
		8482CC551CA2FDE000E90CFF /* Main.storyboard */ = {
			isa = PBXVariantGroup;
			children = (
				8482CC561CA2FDE000E90CFF /* Base */,
			);
			name = Main.storyboard;
			sourceTree = "<group>";
		};
		8482CC5A1CA2FDE000E90CFF /* LaunchScreen.storyboard */ = {
			isa = PBXVariantGroup;
			children = (
				8482CC5B1CA2FDE000E90CFF /* Base */,
			);
			name = LaunchScreen.storyboard;
			sourceTree = "<group>";
		};
/* End PBXVariantGroup section */

/* Begin XCBuildConfiguration section */
		8482CC5E1CA2FDE000E90CFF /* Debug */ = {
			isa = XCBuildConfiguration;
			buildSettings = {
				ALWAYS_SEARCH_USER_PATHS = NO;
				CLANG_CXX_LANGUAGE_STANDARD = "gnu++0x";
				CLANG_CXX_LIBRARY = "libc++";
				CLANG_ENABLE_MODULES = YES;
				CLANG_ENABLE_OBJC_ARC = YES;
				CLANG_WARN_BOOL_CONVERSION = YES;
				CLANG_WARN_CONSTANT_CONVERSION = YES;
				CLANG_WARN_DIRECT_OBJC_ISA_USAGE = YES_ERROR;
				CLANG_WARN_EMPTY_BODY = YES;
				CLANG_WARN_ENUM_CONVERSION = YES;
				CLANG_WARN_INT_CONVERSION = YES;
				CLANG_WARN_OBJC_ROOT_CLASS = YES_ERROR;
				CLANG_WARN_UNREACHABLE_CODE = YES;
				CLANG_WARN__DUPLICATE_METHOD_MATCH = YES;
				"CODE_SIGN_IDENTITY[sdk=iphoneos*]" = "iPhone Developer";
				COPY_PHASE_STRIP = NO;
				DEBUG_INFORMATION_FORMAT = dwarf;
				ENABLE_STRICT_OBJC_MSGSEND = YES;
				ENABLE_TESTABILITY = YES;
				GCC_C_LANGUAGE_STANDARD = gnu99;
				GCC_DYNAMIC_NO_PIC = NO;
				GCC_NO_COMMON_BLOCKS = YES;
				GCC_OPTIMIZATION_LEVEL = 0;
				GCC_PREPROCESSOR_DEFINITIONS = (
					"DEBUG=1",
					"$(inherited)",
				);
				GCC_WARN_64_TO_32_BIT_CONVERSION = YES;
				GCC_WARN_ABOUT_RETURN_TYPE = YES_ERROR;
				GCC_WARN_UNDECLARED_SELECTOR = YES;
				GCC_WARN_UNINITIALIZED_AUTOS = YES_AGGRESSIVE;
				GCC_WARN_UNUSED_FUNCTION = YES;
				GCC_WARN_UNUSED_VARIABLE = YES;
				IPHONEOS_DEPLOYMENT_TARGET = 9.2;
				MTL_ENABLE_DEBUG_INFO = YES;
				ONLY_ACTIVE_ARCH = YES;
				SDKROOT = iphoneos;
				SWIFT_OPTIMIZATION_LEVEL = "-Onone";
			};
			name = Debug;
		};
		8482CC5F1CA2FDE000E90CFF /* Release */ = {
			isa = XCBuildConfiguration;
			buildSettings = {
				ALWAYS_SEARCH_USER_PATHS = NO;
				CLANG_CXX_LANGUAGE_STANDARD = "gnu++0x";
				CLANG_CXX_LIBRARY = "libc++";
				CLANG_ENABLE_MODULES = YES;
				CLANG_ENABLE_OBJC_ARC = YES;
				CLANG_WARN_BOOL_CONVERSION = YES;
				CLANG_WARN_CONSTANT_CONVERSION = YES;
				CLANG_WARN_DIRECT_OBJC_ISA_USAGE = YES_ERROR;
				CLANG_WARN_EMPTY_BODY = YES;
				CLANG_WARN_ENUM_CONVERSION = YES;
				CLANG_WARN_INT_CONVERSION = YES;
				CLANG_WARN_OBJC_ROOT_CLASS = YES_ERROR;
				CLANG_WARN_UNREACHABLE_CODE = YES;
				CLANG_WARN__DUPLICATE_METHOD_MATCH = YES;
				"CODE_SIGN_IDENTITY[sdk=iphoneos*]" = "iPhone Developer";
				COPY_PHASE_STRIP = NO;
				DEBUG_INFORMATION_FORMAT = "dwarf-with-dsym";
				ENABLE_NS_ASSERTIONS = NO;
				ENABLE_STRICT_OBJC_MSGSEND = YES;
				GCC_C_LANGUAGE_STANDARD = gnu99;
				GCC_NO_COMMON_BLOCKS = YES;
				GCC_WARN_64_TO_32_BIT_CONVERSION = YES;
				GCC_WARN_ABOUT_RETURN_TYPE = YES_ERROR;
				GCC_WARN_UNDECLARED_SELECTOR = YES;
				GCC_WARN_UNINITIALIZED_AUTOS = YES_AGGRESSIVE;
				GCC_WARN_UNUSED_FUNCTION = YES;
				GCC_WARN_UNUSED_VARIABLE = YES;
				IPHONEOS_DEPLOYMENT_TARGET = 9.2;
				MTL_ENABLE_DEBUG_INFO = NO;
				SDKROOT = iphoneos;
				VALIDATE_PRODUCT = YES;
			};
			name = Release;
		};
		8482CC611CA2FDE000E90CFF /* Debug */ = {
			isa = XCBuildConfiguration;
			buildSettings = {
				ASSETCATALOG_COMPILER_APPICON_NAME = AppIcon;
				CODE_SIGN_IDENTITY = "iPhone Developer";
				INFOPLIST_FILE = MemeMe/Info.plist;
				LD_RUNPATH_SEARCH_PATHS = "$(inherited) @executable_path/Frameworks";
				PRODUCT_BUNDLE_IDENTIFIER = com.antt.MemeMe;
				PRODUCT_NAME = "$(TARGET_NAME)";
			};
			name = Debug;
		};
		8482CC621CA2FDE000E90CFF /* Release */ = {
			isa = XCBuildConfiguration;
			buildSettings = {
				ASSETCATALOG_COMPILER_APPICON_NAME = AppIcon;
				CODE_SIGN_IDENTITY = "iPhone Developer";
				INFOPLIST_FILE = MemeMe/Info.plist;
				LD_RUNPATH_SEARCH_PATHS = "$(inherited) @executable_path/Frameworks";
				PRODUCT_BUNDLE_IDENTIFIER = com.antt.MemeMe;
				PRODUCT_NAME = "$(TARGET_NAME)";
			};
			name = Release;
		};
/* End XCBuildConfiguration section */

/* Begin XCConfigurationList section */
		8482CC491CA2FDDF00E90CFF /* Build configuration list for PBXProject "MemeMe" */ = {
			isa = XCConfigurationList;
			buildConfigurations = (
				8482CC5E1CA2FDE000E90CFF /* Debug */,
				8482CC5F1CA2FDE000E90CFF /* Release */,
			);
			defaultConfigurationIsVisible = 0;
			defaultConfigurationName = Release;
		};
		8482CC601CA2FDE000E90CFF /* Build configuration list for PBXNativeTarget "MemeMe" */ = {
			isa = XCConfigurationList;
			buildConfigurations = (
				8482CC611CA2FDE000E90CFF /* Debug */,
				8482CC621CA2FDE000E90CFF /* Release */,
			);
			defaultConfigurationIsVisible = 0;
			defaultConfigurationName = Release;
		};
/* End XCConfigurationList section */
	};
	rootObject = 8482CC461CA2FDDF00E90CFF /* Project object */;
}
